{
    "_meta": {
        "hash": {
            "sha256": "11dc5367f011a1a12b6795f69a952f64d6c7f214f68af80ccdf97d707f6a01ba"
        },
        "pipfile-spec": 6,
        "requires": {},
        "sources": [
            {
                "name": "pypi",
                "url": "https://pypi.org/simple",
                "verify_ssl": true
            }
        ]
    },
    "default": {
        "alembic": {
            "hashes": [
                "sha256:52d73b1d750f1414fa90c25a08da47b87de1e4ad883935718a8f36396e19e78e",
                "sha256:eb7db9b4510562ec37c91d00b00d95fde076c1030d3f661aea882eec532b3565"
            ],
            "index": "pypi",
            "version": "==1.0.0"
        },
        "amqp": {
            "hashes": [
                "sha256:6e649ca13a7df3faacdc8bbb280aa9a6602d22fd9d545336077e573a1f4ff3b8",
                "sha256:77f1aef9410698d20eaeac5b73a87817365f457a507d82edf292e12cbb83b08d"
            ],
            "version": "==2.5.2"
        },
        "atomicwrites": {
            "hashes": [
                "sha256:03472c30eb2c5d1ba9227e4c2ca66ab8287fbfbbda3888aa93dc2e28fc6811b4",
                "sha256:75a9445bac02d8d058d5e1fe689654ba5a6556a1dfd8ce6ec55a0ed79866cfa6"
            ],
            "version": "==1.3.0"
        },
        "attrs": {
            "hashes": [
                "sha256:08a96c641c3a74e44eb59afb61a24f2cb9f4d7188748e76ba4bb5edfa3cb7d1c",
                "sha256:f7b7ce16570fe9965acd6d30101a28f62fb4a7f9e926b3bbc9b61f8b04247e72"
            ],
            "version": "==19.3.0"
        },
        "beautifulsoup4": {
            "hashes": [
                "sha256:05fd825eb01c290877657a56df4c6e4c311b3965bda790c613a3d6fb01a5462a",
                "sha256:9fbb4d6e48ecd30bcacc5b63b94088192dcda178513b2ae3c394229f8911b887",
                "sha256:e1505eeed31b0f4ce2dbb3bc8eb256c04cc2b3b72af7d551a4ab6efd5cbe5dae"
            ],
            "version": "==4.8.2"
        },
        "billiard": {
            "hashes": [
                "sha256:42d9a227401ac4fba892918bba0a0c409def5435c4b483267ebfe821afaaba0e"
            ],
            "version": "==3.5.0.5"
        },
        "bs4": {
            "hashes": [
                "sha256:36ecea1fd7cc5c0c6e4a1ff075df26d50da647b75376626cc186e2212886dd3a"
            ],
            "index": "pypi",
            "version": "==0.0.1"
        },
        "celery": {
            "hashes": [
                "sha256:77dab4677e24dc654d42dfbdfed65fa760455b6bb563a0877ecc35f4cfcfc678",
                "sha256:ad7a7411772b80a4d6c64f2f7f723200e39fb66cf614a7fdfab76d345acc7b13"
            ],
            "index": "pypi",
            "version": "==4.2.1"
        },
        "certifi": {
            "hashes": [
                "sha256:017c25db2a153ce562900032d5bc68e9f191e44e9a0f762f373977de9df1fbb3",
                "sha256:25b64c7da4cd7479594d035c08c2d809eb4aab3a26e5a990ea98cc450c320f1f"
            ],
            "version": "==2019.11.28"
        },
        "chardet": {
            "hashes": [
                "sha256:84ab92ed1c4d4f16916e05906b6b75a6c0fb5db821cc65e70cbd64a3e2a5eaae",
                "sha256:fc323ffcaeaed0e0a02bf4d117757b98aed530d9ed4531e3e15460124c106691"
            ],
            "version": "==3.0.4"
        },
        "click": {
            "hashes": [
                "sha256:2335065e6395b9e67ca716de5f7526736bfa6ceead690adf616d925bdc622b13",
                "sha256:5b94b49521f6456670fdb30cd82a4eca9412788a93fa6dd6df72c94d5a8ff2d7"
            ],
            "version": "==7.0"
        },
        "ebaysdk": {
            "hashes": [
                "sha256:78458e1ea4a0fc7d693c26de363069696393767e4aa9689fd38efbfb08409acd"
            ],
            "index": "pypi",
            "version": "==2.1.5"
        },
        "flask": {
            "hashes": [
                "sha256:2271c0070dbcb5275fad4a82e29f23ab92682dc45f9dfbc22c02ba9b9322ce48",
                "sha256:a080b744b7e345ccfcbc77954861cb05b3c63786e93f2b3875e0913d44b43f05"
            ],
            "index": "pypi",
            "version": "==1.0.2"
        },
        "flask-login": {
            "hashes": [
                "sha256:c815c1ac7b3e35e2081685e389a665f2c74d7e077cb93cecabaea352da4752ec"
            ],
            "index": "pypi",
            "version": "==0.4.1"
        },
        "flask-session": {
            "hashes": [
                "sha256:a31c27e0c3287f00c825b3d9625aba585f4df4cccedb1e7dd5a69a215881a731",
                "sha256:b9b32126bfc52c3169089f2ed9a40e34b589527bda48b633428e07d39d9c8792"
            ],
            "index": "pypi",
            "version": "==0.3.1"
        },
        "flask-sqlalchemy": {
            "hashes": [
                "sha256:3bc0fac969dd8c0ace01b32060f0c729565293302f0c4269beed154b46bec50b",
                "sha256:5971b9852b5888655f11db634e87725a9031e170f37c0ce7851cf83497f56e53"
            ],
            "index": "pypi",
            "version": "==2.3.2"
        },
        "flask-wtf": {
            "hashes": [
                "sha256:5d14d55cfd35f613d99ee7cba0fc3fbbe63ba02f544d349158c14ca15561cc36",
                "sha256:d9a9e366b32dcbb98ef17228e76be15702cd2600675668bca23f63a7947fd5ac"
            ],
            "index": "pypi",
            "version": "==0.14.2"
        },
        "idna": {
            "hashes": [
                "sha256:156a6814fb5ac1fc6850fb002e0852d56c0c8d2531923a51032d1b70760e186e",
                "sha256:684a38a6f903c1d71d6d5fac066b58d7768af4de2b832e426ec79c30daa94a16"
            ],
            "version": "==2.7"
        },
        "iso8601": {
            "hashes": [
                "sha256:210e0134677cc0d02f6028087fee1df1e1d76d372ee1db0bf30bf66c5c1c89a3",
                "sha256:49c4b20e1f38aa5cf109ddcd39647ac419f928512c869dc01d5c7098eddede82",
                "sha256:bbbae5fb4a7abfe71d4688fd64bff70b91bbd74ef6a99d964bab18f7fdf286dd"
            ],
            "index": "pypi",
            "version": "==0.1.12"
        },
        "itsdangerous": {
            "hashes": [
                "sha256:321b033d07f2a4136d3ec762eac9f16a10ccd60f53c0c91af90217ace7ba1f19",
                "sha256:b12271b2047cb23eeb98c8b5622e2e5c5e9abd9784a153e9d8ef9cb4dd09d749"
            ],
            "version": "==1.1.0"
        },
        "jinja2": {
            "hashes": [
                "sha256:74c935a1b8bb9a3947c50a54766a969d4846290e1e788ea44c1392163723c3bd",
                "sha256:f84be1bb0040caca4cea721fcbbbbd61f9be9464ca236387158b0feea01914a4"
            ],
            "index": "pypi",
            "version": "==2.10"
        },
        "kombu": {
            "hashes": [
                "sha256:2a9e7adff14d046c9996752b2c48b6d9185d0b992106d5160e1a179907a5d4ac",
                "sha256:67b32ccb6fea030f8799f8fd50dd08e03a4b99464ebc4952d71d8747b1a52ad1"
            ],
            "version": "==4.6.7"
        },
        "lxml": {
            "hashes": [
                "sha256:00ac0d64949fef6b3693813fe636a2d56d97a5a49b5bbb86e4cc4cc50ebc9ea2",
                "sha256:0571e607558665ed42e450d7bf0e2941d542c18e117b1ebbf0ba72f287ad841c",
                "sha256:0e3f04a7615fdac0be5e18b2406529521d6dbdb0167d2a690ee328bef7807487",
                "sha256:13cf89be53348d1c17b453867da68704802966c433b2bb4fa1f970daadd2ef70",
                "sha256:217262fcf6a4c2e1c7cb1efa08bd9ebc432502abc6c255c4abab611e8be0d14d",
                "sha256:223e544828f1955daaf4cefbb4853bc416b2ec3fd56d4f4204a8b17007c21250",
                "sha256:277cb61fede2f95b9c61912fefb3d43fbd5f18bf18a14fae4911b67984486f5d",
                "sha256:3213f753e8ae86c396e0e066866e64c6b04618e85c723b32ecb0909885211f74",
                "sha256:4690984a4dee1033da0af6df0b7a6bde83f74e1c0c870623797cec77964de34d",
                "sha256:4fcc472ef87f45c429d3b923b925704aa581f875d65bac80f8ab0c3296a63f78",
                "sha256:61409bd745a265a742f2693e4600e4dbd45cc1daebe1d5fad6fcb22912d44145",
                "sha256:678f1963f755c5d9f5f6968dded7b245dd1ece8cf53c1aa9d80e6734a8c7f41d",
                "sha256:6c6d03549d4e2734133badb9ab1c05d9f0ef4bcd31d83e5d2b4747c85cfa21da",
                "sha256:6e74d5f4d6ecd6942375c52ffcd35f4318a61a02328f6f1bd79fcb4ffedf969e",
                "sha256:7b4fc7b1ecc987ca7aaf3f4f0e71bbfbd81aaabf87002558f5bc95da3a865bcd",
                "sha256:7ed386a40e172ddf44c061ad74881d8622f791d9af0b6f5be20023029129bc85",
                "sha256:8f54f0924d12c47a382c600c880770b5ebfc96c9fd94cf6f6bdc21caf6163ea7",
                "sha256:ad9b81351fdc236bda538efa6879315448411a81186c836d4b80d6ca8217cdb9",
                "sha256:bbd00e21ea17f7bcc58dccd13869d68441b32899e89cf6cfa90d624a9198ce85",
                "sha256:c3c289762cc09735e2a8f8a49571d0e8b4f57ea831ea11558247b5bdea0ac4db",
                "sha256:cf4650942de5e5685ad308e22bcafbccfe37c54aa7c0e30cd620c2ee5c93d336",
                "sha256:cfcbc33c9c59c93776aa41ab02e55c288a042211708b72fdb518221cc803abc8",
                "sha256:e301055deadfedbd80cf94f2f65ff23126b232b0d1fea28f332ce58137bcdb18",
                "sha256:ebbfe24df7f7b5c6c7620702496b6419f6a9aa2fd7f005eb731cc80d7b4692b9",
                "sha256:eff69ddbf3ad86375c344339371168640951c302450c5d3e9936e98d6459db06",
                "sha256:f6ed60a62c5f1c44e789d2cf14009423cb1646b44a43e40a9cf6a21f077678a1"
            ],
            "version": "==4.4.2"
        },
        "mako": {
            "hashes": [
                "sha256:a36919599a9b7dc5d86a7a8988f23a9a3a3d083070023bab23d64f7f1d1e0a4b"
            ],
            "version": "==1.1.0"
        },
        "markupsafe": {
            "hashes": [
                "sha256:00bc623926325b26bb9605ae9eae8a215691f33cae5df11ca5424f06f2d1f473",
                "sha256:09027a7803a62ca78792ad89403b1b7a73a01c8cb65909cd876f7fcebd79b161",
                "sha256:09c4b7f37d6c648cb13f9230d847adf22f8171b1ccc4d5682398e77f40309235",
                "sha256:1027c282dad077d0bae18be6794e6b6b8c91d58ed8a8d89a89d59693b9131db5",
                "sha256:24982cc2533820871eba85ba648cd53d8623687ff11cbb805be4ff7b4c971aff",
                "sha256:29872e92839765e546828bb7754a68c418d927cd064fd4708fab9fe9c8bb116b",
                "sha256:43a55c2930bbc139570ac2452adf3d70cdbb3cfe5912c71cdce1c2c6bbd9c5d1",
                "sha256:46c99d2de99945ec5cb54f23c8cd5689f6d7177305ebff350a58ce5f8de1669e",
                "sha256:500d4957e52ddc3351cabf489e79c91c17f6e0899158447047588650b5e69183",
                "sha256:535f6fc4d397c1563d08b88e485c3496cf5784e927af890fb3c3aac7f933ec66",
                "sha256:62fe6c95e3ec8a7fad637b7f3d372c15ec1caa01ab47926cfdf7a75b40e0eac1",
                "sha256:6dd73240d2af64df90aa7c4e7481e23825ea70af4b4922f8ede5b9e35f78a3b1",
                "sha256:717ba8fe3ae9cc0006d7c451f0bb265ee07739daf76355d06366154ee68d221e",
                "sha256:79855e1c5b8da654cf486b830bd42c06e8780cea587384cf6545b7d9ac013a0b",
                "sha256:7c1699dfe0cf8ff607dbdcc1e9b9af1755371f92a68f706051cc8c37d447c905",
                "sha256:88e5fcfb52ee7b911e8bb6d6aa2fd21fbecc674eadd44118a9cc3863f938e735",
                "sha256:8defac2f2ccd6805ebf65f5eeb132adcf2ab57aa11fdf4c0dd5169a004710e7d",
                "sha256:98c7086708b163d425c67c7a91bad6e466bb99d797aa64f965e9d25c12111a5e",
                "sha256:9add70b36c5666a2ed02b43b335fe19002ee5235efd4b8a89bfcf9005bebac0d",
                "sha256:9bf40443012702a1d2070043cb6291650a0841ece432556f784f004937f0f32c",
                "sha256:ade5e387d2ad0d7ebf59146cc00c8044acbd863725f887353a10df825fc8ae21",
                "sha256:b00c1de48212e4cc9603895652c5c410df699856a2853135b3967591e4beebc2",
                "sha256:b1282f8c00509d99fef04d8ba936b156d419be841854fe901d8ae224c59f0be5",
                "sha256:b2051432115498d3562c084a49bba65d97cf251f5a331c64a12ee7e04dacc51b",
                "sha256:ba59edeaa2fc6114428f1637ffff42da1e311e29382d81b339c1817d37ec93c6",
                "sha256:c8716a48d94b06bb3b2524c2b77e055fb313aeb4ea620c8dd03a105574ba704f",
                "sha256:cd5df75523866410809ca100dc9681e301e3c27567cf498077e8551b6d20e42f",
                "sha256:e249096428b3ae81b08327a63a485ad0878de3fb939049038579ac0ef61e17e7"
            ],
            "version": "==1.1.1"
        },
        "more-itertools": {
            "hashes": [
                "sha256:b84b238cce0d9adad5ed87e745778d20a3f8487d0f0cb8b8a586816c7496458d",
                "sha256:c833ef592a0324bcc6a60e48440da07645063c453880c9477ceb22490aec1564"
            ],
            "version": "==8.0.2"
        },
        "pluggy": {
            "hashes": [
                "sha256:15b2acde666561e1298d71b523007ed7364de07029219b604cf808bfa1c765b0",
                "sha256:966c145cd83c96502c3c3868f50408687b38434af77734af1e9ca461a4081d2d"
            ],
            "version": "==0.13.1"
        },
        "psycopg2": {
            "hashes": [
                "sha256:0b9e48a1c1505699a64ac58815ca99104aacace8321e455072cee4f7fe7b2698",
                "sha256:0f4c784e1b5a320efb434c66a50b8dd7e30a7dc047e8f45c0a8d2694bfe72781",
                "sha256:0fdbaa32c9eb09ef09d425dc154628fca6fa69d2f7c1a33f889abb7e0efb3909",
                "sha256:11fbf688d5c953c0a5ba625cc42dea9aeb2321942c7c5ed9341a68f865dc8cb1",
                "sha256:19eaac4eb25ab078bd0f28304a0cb08702d120caadfe76bb1e6846ed1f68635e",
                "sha256:3232ec1a3bf4dba97fbf9b03ce12e4b6c1d01ea3c85773903a67ced725728232",
                "sha256:36f8f9c216fcca048006f6dd60e4d3e6f406afde26cfb99e063f137070139eaf",
                "sha256:59c1a0e4f9abe970062ed35d0720935197800a7ef7a62b3a9e3a70588d9ca40b",
                "sha256:6506c5ff88750948c28d41852c09c5d2a49f51f28c6d90cbf1b6808e18c64e88",
                "sha256:6bc3e68ee16f571681b8c0b6d5c0a77bef3c589012352b3f0cf5520e674e9d01",
                "sha256:6dbbd7aabbc861eec6b910522534894d9dbb507d5819bc982032c3ea2e974f51",
                "sha256:6e737915de826650d1a5f7ff4ac6cf888a26f021a647390ca7bafdba0e85462b",
                "sha256:6ed9b2cfe85abc720e8943c1808eeffd41daa73e18b7c1e1a228b0b91f768ccc",
                "sha256:711ec617ba453fdfc66616db2520db3a6d9a891e3bf62ef9aba4c95bb4e61230",
                "sha256:844dacdf7530c5c612718cf12bc001f59b2d9329d35b495f1ff25045161aa6af",
                "sha256:86b52e146da13c896e50c5a3341a9448151f1092b1a4153e425d1e8b62fec508",
                "sha256:985c06c2a0f227131733ae58d6a541a5bc8b665e7305494782bebdb74202b793",
                "sha256:a86dfe45f4f9c55b1a2312ff20a59b30da8d39c0e8821d00018372a2a177098f",
                "sha256:aa3cd07f7f7e3183b63d48300666f920828a9dbd7d7ec53d450df2c4953687a9",
                "sha256:b1964ed645ef8317806d615d9ff006c0dadc09dfc54b99ae67f9ba7a1ec9d5d2",
                "sha256:b2abbff9e4141484bb89b96eb8eae186d77bc6d5ffbec6b01783ee5c3c467351",
                "sha256:cc33c3a90492e21713260095f02b12bee02b8d1f2c03a221d763ce04fa90e2e9",
                "sha256:d7de3bf0986d777807611c36e809b77a13bf1888f5c8db0ebf24b47a52d10726",
                "sha256:db5e3c52576cc5b93a959a03ccc3b02cb8f0af1fbbdc80645f7a215f0b864f3a",
                "sha256:e168aa795ffbb11379c942cf95bf813c7db9aa55538eb61de8c6815e092416f5",
                "sha256:e9ca911f8e2d3117e5241d5fa9aaa991cb22fb0792627eeada47425d706b5ec8",
                "sha256:eccf962d41ca46e6326b97c8fe0a6687b58dfc1a5f6540ed071ff1474cea749e",
                "sha256:efa19deae6b9e504a74347fe5e25c2cb9343766c489c2ae921b05f37338b18d1",
                "sha256:f4b0460a21f784abe17b496f66e74157a6c36116fa86da8bf6aa028b9e8ad5fe",
                "sha256:f93d508ca64d924d478fb11e272e09524698f0c581d9032e68958cfbdd41faef"
            ],
            "index": "pypi",
            "version": "==2.7.5"
        },
        "py": {
            "hashes": [
                "sha256:5e27081401262157467ad6e7f851b7aa402c5852dbcb3dae06768434de5752aa",
                "sha256:c20fdd83a5dbc0af9efd622bee9a5564e278f6380fffcacc43ba6f43db2813b0"
            ],
            "version": "==1.8.1"
        },
        "pytest": {
            "hashes": [
                "sha256:86a8dbf407e437351cef4dba46736e9c5a6e3c3ac71b2e942209748e76ff2086",
                "sha256:e74466e97ac14582a8188ff4c53e6cc3810315f342f6096899332ae864c1d432"
            ],
            "index": "pypi",
            "version": "==3.7.1"
        },
        "python-dateutil": {
            "hashes": [
                "sha256:73ebfe9dbf22e832286dafa60473e4cd239f8592f699aa5adaf10050e6e1823c",
                "sha256:75bb3f31ea686f1197762692a9ee6a7550b59fc6ca3a1f4b5d7e32fb98e2da2a"
            ],
            "version": "==2.8.1"
        },
        "python-editor": {
            "hashes": [
                "sha256:1bf6e860a8ad52a14c3ee1252d5dc25b2030618ed80c022598f00176adc8367d",
                "sha256:51fda6bcc5ddbbb7063b2af7509e43bd84bfc32a4ff71349ec7847713882327b",
                "sha256:5f98b069316ea1c2ed3f67e7f5df6c0d8f10b689964a4a811ff64f0106819ec8"
            ],
            "version": "==1.0.4"
        },
        "pytz": {
            "hashes": [
                "sha256:1c557d7d0e871de1f5ccd5833f60fb2550652da6be2693c1e02300743d21500d",
                "sha256:b02c06db6cf09c12dd25137e563b31700d3b80fcc4ad23abb7a315f2789819be"
            ],
            "version": "==2019.3"
        },
        "requests": {
            "hashes": [
                "sha256:99dcfdaaeb17caf6e526f32b6a7b780461512ab3f1d992187801694cba42770c",
                "sha256:a84b8c9ab6239b578f22d1c21d51b696dcfe004032bb80ea832398d6909d7279"
            ],
            "index": "pypi",
            "version": "==2.20.0"
        },
        "six": {
            "hashes": [
                "sha256:1f1b7d42e254082a9db6279deae68afb421ceba6158efa6131de7b3003ee93fd",
                "sha256:30f610279e8b2578cab6db20741130331735c781b56053c59c4076da27f06b66"
            ],
            "version": "==1.13.0"
        },
        "soupsieve": {
            "hashes": [
                "sha256:bdb0d917b03a1369ce964056fc195cfdff8819c40de04695a80bc813c3cfa1f5",
                "sha256:e2c1c5dee4a1c36bcb790e0fabd5492d874b8ebd4617622c4f6a731701060dda"
            ],
            "version": "==1.9.5"
        },
        "sqlalchemy": {
            "hashes": [
                "sha256:bfb8f464a5000b567ac1d350b9090cf081180ec1ab4aa87e7bca12dab25320ec"
            ],
            "version": "==1.3.12"
        },
        "urllib3": {
            "hashes": [
                "sha256:2393a695cd12afedd0dcb26fe5d50d0cf248e5a66f75dbd89a3d4eb333a61af4",
                "sha256:a637e5fae88995b256e3409dc4d52c2e2e0ba32c42a6365fee8bbd2238de3cfb"
            ],
            "version": "==1.24.3"
        },
        "vine": {
            "hashes": [
                "sha256:133ee6d7a9016f177ddeaf191c1f58421a1dcc6ee9a42c58b34bed40e1d2cd87",
                "sha256:ea4947cc56d1fd6f2095c8d543ee25dad966f78692528e68b4fada11ba3f98af"
            ],
            "version": "==1.3.0"
        },
        "werkzeug": {
            "hashes": [
                "sha256:7280924747b5733b246fe23972186c6b348f9ae29724135a6dfc1e53cea433e7",
                "sha256:e5f4a1f98b52b18a93da705a7458e55afb26f32bff83ff5d19189f92462d65c4"
            ],
            "version": "==0.16.0"
        },
        "wtforms": {
            "hashes": [
                "sha256:0cdbac3e7f6878086c334aa25dc5a33869a3954e9d1e015130d65a69309b3b61",
                "sha256:e3ee092c827582c50877cdbd49e9ce6d2c5c1f6561f849b3b068c1b8029626f1"
            ],
            "index": "pypi",
            "version": "==2.2.1"
        }
    },
    "develop": {}
}
